
Microsoft Visual Studio Solution File, Format Version 12.00
# Visual Studio 15
Project("{FAE04EC0-301F-11D3-BF4B-00C04F79EFBC}") = "Assembly-CSharp", "Assembly-CSharp.csproj", "{14C4A056-1BF3-23F0-8A05-6FA7B0212E55}"
EndProject
Project("{FAE04EC0-301F-11D3-BF4B-00C04F79EFBC}") = "Assembly-CSharp-Editor", "Assembly-CSharp-Editor.csproj", "{6C366AA5-D42D-2EFC-F421-338D330BDB5A}"
EndProject
Global
	GlobalSection(SolutionConfigurationPlatforms) = preSolution
		Debug|Any CPU = Debug|Any CPU
		Release|Any CPU = Release|Any CPU
	EndGlobalSection
	GlobalSection(ProjectConfigurationPlatforms) = postSolution
		{14C4A056-1BF3-23F0-8A05-6FA7B0212E55}.Debug|Any CPU.ActiveCfg = Debug|Any CPU
		{14C4A056-1BF3-23F0-8A05-6FA7B0212E55}.Debug|Any CPU.Build.0 = Debug|Any CPU
		{14C4A056-1BF3-23F0-8A05-6FA7B0212E55}.Release|Any CPU.ActiveCfg = Release|Any CPU
		{14C4A056-1BF3-23F0-8A05-6FA7B0212E55}.Release|Any CPU.Build.0 = Release|Any CPU
		{6C366AA5-D42D-2EFC-F421-338D330BDB5A}.Debug|Any CPU.ActiveCfg = Debug|Any CPU
		{6C366AA5-D42D-2EFC-F421-338D330BDB5A}.Debug|Any CPU.Build.0 = Debug|Any CPU
		{6C366AA5-D42D-2EFC-F421-338D330BDB5A}.Release|Any CPU.ActiveCfg = Release|Any CPU
		{6C366AA5-D42D-2EFC-F421-338D330BDB5A}.Release|Any CPU.Build.0 = Release|Any CPU
	EndGlobalSection
	GlobalSection(SolutionProperties) = preSolution
		HideSolutionNode = FALSE
	EndGlobalSection
EndGlobal
